# THIS IS AN AUTOGENERATED FILE. DO NOT EDIT THIS FILE DIRECTLY.
# yarn lockfile v1


husky@^5.0.6:
  version "5.0.6"
  resolved "https://registry.npmjs.org/husky/-/husky-5.0.6.tgz#27dbefe8603c6c0912fd89a3a67edfed9fac8bb9"
  integrity sha512-SM+evfvcHT3rAYJKvPlatz3L5RqzgeM6xIvDjhs8VuhKj6iKqFDOt/Ov8sPjvWuE4FDB385gJBwWXRj7G3c1hg==

prettier@^2.2.1:
  version "2.2.1"
  resolved "https://registry.npmjs.org/prettier/-/prettier-2.2.1.tgz#795a1a78dd52f073da0cd42b21f9c91381923ff5"
  integrity sha512-PqyhM2yCjg/oKkFPtTGUojv7gnZAoG80ttl45O6x2Ug/rMJw4wcc9k6aaf2hibP7BGVCCM33gZoGjyvt9mm16Q==
